#MicroXplorer Configuration settings - do not modify
Mcu.Family=STM32L0
RCC.MSI_VALUE=4194000
ProjectManager.MainLocation=Core/Src
RCC.USART1Freq_Value=16000000
ProjectManager.ProjectFileName=temperature_logger_fw.ioc
RCC.48USBFreq_Value=24000000
ProjectManager.KeepUserCode=true
Mcu.UserName=STM32L053C8Tx
Mcu.PinsNb=6
ProjectManager.NoMain=false
RCC.PLLCLKFreq_Value=24000000
RCC.LPUARTFreq_Value=16000000
PA0.GPIO_Label=USER_BTN
ProjectManager.functionlistsort=1-MX_GPIO_Init-GPIO-false-HAL-true,2-SystemClock_Config-RCC-false-HAL-false
RCC.RTCFreq_Value=37000
ProjectManager.DefaultFWLocation=true
RCC.USART2Freq_Value=16000000
NVIC.SVC_IRQn=true\:0\:0\:false\:false\:true\:false\:false
ProjectManager.DeletePrevious=true
RCC.TimerFreq_Value=16000000
RCC.48CLKFreq_Value=24000000
PinOutPanel.RotationAngle=0
RCC.FamilyName=M
RCC.SYSCLKSource=RCC_SYSCLKSOURCE_HSI
ProjectManager.StackSize=0x400
RCC.WatchDogFreq_Value=37000
PA13.Signal=SYS_SWDIO
RCC.HSI16_VALUE=16000000
RCC.FCLKCortexFreq_Value=16000000
Mcu.IP2=SYS
PB4.GPIOParameters=GPIO_Label
Mcu.IP0=NVIC
Mcu.IP1=RCC
Mcu.UserConstants=
ProjectManager.TargetToolchain=STM32CubeIDE
Mcu.ThirdPartyNb=0
RCC.HCLKFreq_Value=16000000
Mcu.IPNb=3
ProjectManager.PreviousToolchain=STM32CubeIDE
RCC.APB2TimFreq_Value=16000000
ProjectManager.RegisterCallBack=
RCC.LSE_VALUE=32768
RCC.AHBFreq_Value=16000000
Mcu.Pin0=PA0
Mcu.Pin1=PA5
GPIO.groupedBy=
Mcu.Pin2=PA13
Mcu.Pin3=PA14
Mcu.Pin4=PB4
Mcu.Pin5=VP_SYS_VS_Systick
PA5.Signal=GPIO_Output
ProjectManager.ProjectBuild=false
RCC.HSE_VALUE=8000000
PA0.Locked=true
RCC.MCOPinFreq_Value=16000000
board=custom
RCC.VCOOutputFreq_Value=48000000
NVIC.SysTick_IRQn=true\:0\:0\:false\:false\:true\:false\:true
ProjectManager.LastFirmware=true
ProjectManager.FirmwarePackage=STM32Cube FW_L0 V1.11.3
MxDb.Version=DB.6.0.0
RCC.APB2Freq_Value=16000000
ProjectManager.BackupPrevious=false
MxCube.Version=6.0.1
PB4.GPIO_Label=LED_GREEN
RCC.VCOInputFreq_Value=16000000
RCC.I2C1Freq_Value=16000000
PA14.Mode=Serial_Wire
RCC.LCDFreq_Value=37000
RCC.ADCFreq_Value=16000000
File.Version=6
VP_SYS_VS_Systick.Mode=SysTick
NVIC.NonMaskableInt_IRQn=true\:0\:0\:false\:false\:true\:false\:false
NVIC.PendSV_IRQn=true\:0\:0\:false\:false\:true\:false\:false
PA13.Mode=Serial_Wire
ProjectManager.FreePins=false
RCC.IPParameters=48CLKFreq_Value,48RNGFreq_Value,48USBFreq_Value,ADCFreq_Value,AHBFreq_Value,APB1Freq_Value,APB1TimFreq_Value,APB2Freq_Value,APB2TimFreq_Value,FCLKCortexFreq_Value,FamilyName,HCLKFreq_Value,HSE_VALUE,HSI16_VALUE,HSI48_VALUE,HSI_VALUE,I2C1Freq_Value,LCDFreq_Value,LPTIMFreq_Value,LPUARTFreq_Value,LSE_VALUE,LSI_VALUE,MCOPinFreq_Value,MSIClockRange,MSI_VALUE,PLLCLKFreq_Value,PWRFreq_Value,RTCFreq_Value,RTCHSEDivFreq_Value,SYSCLKFreq_VALUE,SYSCLKSource,TIMFreq_Value,TimerFreq_Value,USART1Freq_Value,USART2Freq_Value,VCOInputFreq_Value,VCOOutputFreq_Value,WatchDogFreq_Value
ProjectManager.AskForMigrate=true
Mcu.Name=STM32L053C(6-8)Tx
ProjectManager.HalAssertFull=false
RCC.RTCHSEDivFreq_Value=4000000
ProjectManager.ProjectName=temperature_logger_fw
ProjectManager.UnderRoot=true
PA0.Signal=GPIO_Input
ProjectManager.CoupleFile=true
PB4.Locked=true
RCC.SYSCLKFreq_VALUE=16000000
Mcu.Package=LQFP48
PA5.Locked=true
PA5.GPIO_Label=LED_RED
NVIC.ForceEnableDMAVector=true
KeepUserPlacement=false
ProjectManager.CompilerOptimize=6
ProjectManager.ToolChainLocation=
RCC.LSI_VALUE=37000
VP_SYS_VS_Systick.Signal=SYS_VS_Systick
PA14.Signal=SYS_SWCLK
ProjectManager.HeapSize=0x200
PA0.GPIOParameters=GPIO_Label
NVIC.HardFault_IRQn=true\:0\:0\:false\:false\:true\:false\:false
PA5.GPIOParameters=GPIO_Label
ProjectManager.ComputerToolchain=false
RCC.HSI_VALUE=16000000
RCC.APB1TimFreq_Value=16000000
RCC.PWRFreq_Value=16000000
RCC.48RNGFreq_Value=24000000
RCC.APB1Freq_Value=16000000
ProjectManager.CustomerFirmwarePackage=
ProjectManager.DeviceId=STM32L053C8Tx
RCC.MSIClockRange=RCC_MSIRANGE_6
ProjectManager.LibraryCopy=1
RCC.LPTIMFreq_Value=16000000
RCC.HSI48_VALUE=48000000
PB4.Signal=GPIO_Output
RCC.TIMFreq_Value=16000000
